{
  "requires": true,
  "lockfileVersion": 1,
  "dependencies": {
    "ice": {
      "version": "3.7.3",
      "resolved": "https://registry.npmjs.org/ice/-/ice-3.7.3.tgz",
      "integrity": "sha512-5huxJoj5R7VUH9AXd02JPiFGAuaTvAC9ALVM7+XPi6Uw5DlLq4feilOk3dPHL4a50LvuWEBFg2A5JjuO4gx7dA=="
    }
  }
}
